
Microsoft Visual Studio Solution File, Format Version 12.00
# Visual Studio Version 17
VisualStudioVersion = 17.0.32112.339
MinimumVisualStudioVersion = 10.0.40219.1
Project("{2150E333-8FDC-42A3-9474-1A3956D46DE8}") = "src", "src", "{0A7A03CE-556A-4EC4-9CD3-4F81540B7914}"
EndProject
Project("{9A19103F-16F7-4668-BE54-9A1E7A4F7556}") = "IdentityService", "src\IdentityService\IdentityService.csproj", "{1DA057FA-A417-4F0B-8396-886E424AD0BC}"
EndProject
Project("{2150E333-8FDC-42A3-9474-1A3956D46DE8}") = "utils", "utils", "{C6BA59B9-5693-4835-9920-58915E9A8589}"
EndProject
Project("{9A19103F-16F7-4668-BE54-9A1E7A4F7556}") = "DemoApi", "utils\DemoApi\DemoApi.csproj", "{EF66C49D-2587-406A-952D-71F368DD5A1D}"
EndProject
Project("{FAE04EC0-301F-11D3-BF4B-00C04F79EFBC}") = "DemoApiClient", "utils\DemoApiClient\DemoApiClient.csproj", "{E2948D06-AE05-4E0C-9763-0971D91DAAE1}"
EndProject
Project("{FAE04EC0-301F-11D3-BF4B-00C04F79EFBC}") = "DemoWebClient", "utils\DemoWebClient\DemoWebClient.csproj", "{20D52F37-8A3A-4502-A74D-B197549FBCFB}"
EndProject
Global
	GlobalSection(SolutionConfigurationPlatforms) = preSolution
		Debug|Any CPU = Debug|Any CPU
		Release|Any CPU = Release|Any CPU
	EndGlobalSection
	GlobalSection(ProjectConfigurationPlatforms) = postSolution
		{1DA057FA-A417-4F0B-8396-886E424AD0BC}.Debug|Any CPU.ActiveCfg = Debug|Any CPU
		{1DA057FA-A417-4F0B-8396-886E424AD0BC}.Debug|Any CPU.Build.0 = Debug|Any CPU
		{1DA057FA-A417-4F0B-8396-886E424AD0BC}.Release|Any CPU.ActiveCfg = Release|Any CPU
		{1DA057FA-A417-4F0B-8396-886E424AD0BC}.Release|Any CPU.Build.0 = Release|Any CPU
		{EF66C49D-2587-406A-952D-71F368DD5A1D}.Debug|Any CPU.ActiveCfg = Debug|Any CPU
		{EF66C49D-2587-406A-952D-71F368DD5A1D}.Debug|Any CPU.Build.0 = Debug|Any CPU
		{EF66C49D-2587-406A-952D-71F368DD5A1D}.Release|Any CPU.ActiveCfg = Release|Any CPU
		{EF66C49D-2587-406A-952D-71F368DD5A1D}.Release|Any CPU.Build.0 = Release|Any CPU
		{E2948D06-AE05-4E0C-9763-0971D91DAAE1}.Debug|Any CPU.ActiveCfg = Debug|Any CPU
		{E2948D06-AE05-4E0C-9763-0971D91DAAE1}.Debug|Any CPU.Build.0 = Debug|Any CPU
		{E2948D06-AE05-4E0C-9763-0971D91DAAE1}.Release|Any CPU.ActiveCfg = Release|Any CPU
		{E2948D06-AE05-4E0C-9763-0971D91DAAE1}.Release|Any CPU.Build.0 = Release|Any CPU
		{20D52F37-8A3A-4502-A74D-B197549FBCFB}.Debug|Any CPU.ActiveCfg = Debug|Any CPU
		{20D52F37-8A3A-4502-A74D-B197549FBCFB}.Debug|Any CPU.Build.0 = Debug|Any CPU
		{20D52F37-8A3A-4502-A74D-B197549FBCFB}.Release|Any CPU.ActiveCfg = Release|Any CPU
		{20D52F37-8A3A-4502-A74D-B197549FBCFB}.Release|Any CPU.Build.0 = Release|Any CPU
	EndGlobalSection
	GlobalSection(SolutionProperties) = preSolution
		HideSolutionNode = FALSE
	EndGlobalSection
	GlobalSection(NestedProjects) = preSolution
		{1DA057FA-A417-4F0B-8396-886E424AD0BC} = {0A7A03CE-556A-4EC4-9CD3-4F81540B7914}
		{EF66C49D-2587-406A-952D-71F368DD5A1D} = {C6BA59B9-5693-4835-9920-58915E9A8589}
		{E2948D06-AE05-4E0C-9763-0971D91DAAE1} = {C6BA59B9-5693-4835-9920-58915E9A8589}
		{20D52F37-8A3A-4502-A74D-B197549FBCFB} = {C6BA59B9-5693-4835-9920-58915E9A8589}
	EndGlobalSection
	GlobalSection(ExtensibilityGlobals) = postSolution
		SolutionGuid = {D560B1F8-B698-4B44-9542-E841C9AA97A9}
	EndGlobalSection
EndGlobal
